
Microsoft Visual Studio Solution File, Format Version 12.00
# Visual Studio 14
VisualStudioVersion = 14.0.24720.0
MinimumVisualStudioVersion = 10.0.40219.1
Project("{FAE04EC0-301F-11D3-BF4B-00C04F79EFBC}") = "CSA", "CSA\CSA.csproj", "{E21501F5-5F88-4371-8AAC-66B5CBE6914B}"
EndProject
Global
	GlobalSection(SolutionConfigurationPlatforms) = preSolution
		Debug|Any CPU = Debug|Any CPU
		Release|Any CPU = Release|Any CPU
	EndGlobalSection
	GlobalSection(ProjectConfigurationPlatforms) = postSolution
		{E21501F5-5F88-4371-8AAC-66B5CBE6914B}.Debug|Any CPU.ActiveCfg = Debug|Any CPU
		{E21501F5-5F88-4371-8AAC-66B5CBE6914B}.Debug|Any CPU.Build.0 = Debug|Any CPU
		{E21501F5-5F88-4371-8AAC-66B5CBE6914B}.Release|Any CPU.ActiveCfg = Release|Any CPU
		{E21501F5-5F88-4371-8AAC-66B5CBE6914B}.Release|Any CPU.Build.0 = Release|Any CPU
	EndGlobalSection
	GlobalSection(SolutionProperties) = preSolution
		HideSolutionNode = FALSE
	EndGlobalSection
EndGlobal
